Microsoft Visual Studio Solution File, Format Version 12.00
# Visual Studio Version 17
VisualStudioVersion = 17.5.2.0
MinimumVisualStudioVersion = 10.0.40219.1
Project("{FAE04EC0-301F-11D3-BF4B-00C04F79EFBC}") = "NicheHospital", "NicheHospital.csproj", "{DA847189-4E0E-3A54-BF29-48793C8B1ADD}"
EndProject
Global
	GlobalSection(SolutionConfigurationPlatforms) = preSolution
		Debug|Any CPU = Debug|Any CPU
		Release|Any CPU = Release|Any CPU
	EndGlobalSection
	GlobalSection(ProjectConfigurationPlatforms) = postSolution
		{DA847189-4E0E-3A54-BF29-48793C8B1ADD}.Debug|Any CPU.ActiveCfg = Debug|Any CPU
		{DA847189-4E0E-3A54-BF29-48793C8B1ADD}.Debug|Any CPU.Build.0 = Debug|Any CPU
		{DA847189-4E0E-3A54-BF29-48793C8B1ADD}.Release|Any CPU.ActiveCfg = Release|Any CPU
		{DA847189-4E0E-3A54-BF29-48793C8B1ADD}.Release|Any CPU.Build.0 = Release|Any CPU
	EndGlobalSection
	GlobalSection(SolutionProperties) = preSolution
		HideSolutionNode = FALSE
	EndGlobalSection
	GlobalSection(ExtensibilityGlobals) = postSolution
		SolutionGuid = {9A141A68-D444-4541-A6F8-4FDB503B688C}
	EndGlobalSection
EndGlobal
